// !$*UTF8*$!
{
	archiveVersion = 1;
	classes = {
	};
	objectVersion = 46;
	objects = {

/* Begin PBXBuildFile section */
		045B18E11EC849C900302FD9 /* Board.cpp in Sources */ = {isa = PBXBuildFile; fileRef = 045B18DF1EC849C900302FD9 /* Board.cpp */; };
		048DE8E61ECB378B00C225E5 /* Board.h in Headers */ = {isa = PBXBuildFile; fileRef = 048DE8E51ECB378B00C225E5 /* Board.h */; };
		75F348311AB185E20067F028 /* Judge.cpp in Sources */ = {isa = PBXBuildFile; fileRef = 75F348301AB185E20067F028 /* Judge.cpp */; };
		75F348361AB186440067F028 /* Judge.h in Headers */ = {isa = PBXBuildFile; fileRef = 75F348321AB186440067F028 /* Judge.h */; };
		75F348371AB186440067F028 /* Point.h in Headers */ = {isa = PBXBuildFile; fileRef = 75F348331AB186440067F028 /* Point.h */; };
		75F348381AB186440067F028 /* Strategy.cpp in Sources */ = {isa = PBXBuildFile; fileRef = 75F348341AB186440067F028 /* Strategy.cpp */; };
		75F348391AB186440067F028 /* Strategy.h in Headers */ = {isa = PBXBuildFile; fileRef = 75F348351AB186440067F028 /* Strategy.h */; };
/* End PBXBuildFile section */

/* Begin PBXFileReference section */
		045B18DF1EC849C900302FD9 /* Board.cpp */ = {isa = PBXFileReference; fileEncoding = 4; lastKnownFileType = sourcecode.cpp.cpp; path = Board.cpp; sourceTree = "<group>"; };
		048DE8E51ECB378B00C225E5 /* Board.h */ = {isa = PBXFileReference; fileEncoding = 4; lastKnownFileType = sourcecode.c.h; path = Board.h; sourceTree = "<group>"; };
		751BF40F1AB094550075BFA1 /* libStrategy.dylib */ = {isa = PBXFileReference; explicitFileType = "compiled.mach-o.dylib"; includeInIndex = 0; path = libStrategy.dylib; sourceTree = BUILT_PRODUCTS_DIR; };
		75F348301AB185E20067F028 /* Judge.cpp */ = {isa = PBXFileReference; fileEncoding = 4; lastKnownFileType = sourcecode.cpp.cpp; path = Judge.cpp; sourceTree = "<group>"; };
		75F348321AB186440067F028 /* Judge.h */ = {isa = PBXFileReference; fileEncoding = 4; lastKnownFileType = sourcecode.c.h; path = Judge.h; sourceTree = "<group>"; };
		75F348331AB186440067F028 /* Point.h */ = {isa = PBXFileReference; fileEncoding = 4; lastKnownFileType = sourcecode.c.h; path = Point.h; sourceTree = "<group>"; };
		75F348341AB186440067F028 /* Strategy.cpp */ = {isa = PBXFileReference; fileEncoding = 4; lastKnownFileType = sourcecode.cpp.cpp; path = Strategy.cpp; sourceTree = "<group>"; };
		75F348351AB186440067F028 /* Strategy.h */ = {isa = PBXFileReference; fileEncoding = 4; lastKnownFileType = sourcecode.c.h; path = Strategy.h; sourceTree = "<group>"; };
/* End PBXFileReference section */

/* Begin PBXFrameworksBuildPhase section */
		751BF40C1AB094550075BFA1 /* Frameworks */ = {
			isa = PBXFrameworksBuildPhase;
			buildActionMask = 2147483647;
			files = (
			);
			runOnlyForDeploymentPostprocessing = 0;
		};
/* End PBXFrameworksBuildPhase section */

/* Begin PBXGroup section */
		751BF4041AB094550075BFA1 = {
			isa = PBXGroup;
			children = (
				048DE8E51ECB378B00C225E5 /* Board.h */,
				045B18DF1EC849C900302FD9 /* Board.cpp */,
				75F348321AB186440067F028 /* Judge.h */,
				75F348331AB186440067F028 /* Point.h */,
				75F348341AB186440067F028 /* Strategy.cpp */,
				75F348351AB186440067F028 /* Strategy.h */,
				75F348301AB185E20067F028 /* Judge.cpp */,
				751BF4101AB094550075BFA1 /* Products */,
			);
			sourceTree = "<group>";
		};
		751BF4101AB094550075BFA1 /* Products */ = {
			isa = PBXGroup;
			children = (
				751BF40F1AB094550075BFA1 /* libStrategy.dylib */,
			);
			name = Products;
			sourceTree = "<group>";
		};
/* End PBXGroup section */

/* Begin PBXHeadersBuildPhase section */
		751BF40D1AB094550075BFA1 /* Headers */ = {
			isa = PBXHeadersBuildPhase;
			buildActionMask = 2147483647;
			files = (
				75F348361AB186440067F028 /* Judge.h in Headers */,
				048DE8E61ECB378B00C225E5 /* Board.h in Headers */,
				75F348371AB186440067F028 /* Point.h in Headers */,
				75F348391AB186440067F028 /* Strategy.h in Headers */,
			);
			runOnlyForDeploymentPostprocessing = 0;
		};
/* End PBXHeadersBuildPhase section */

/* Begin PBXNativeTarget section */
		751BF40E1AB094550075BFA1 /* Strategy */ = {
			isa = PBXNativeTarget;
			buildConfigurationList = 751BF4131AB094550075BFA1 /* Build configuration list for PBXNativeTarget "Strategy" */;
			buildPhases = (
				751BF40B1AB094550075BFA1 /* Sources */,
				751BF40C1AB094550075BFA1 /* Frameworks */,
				751BF40D1AB094550075BFA1 /* Headers */,
			);
			buildRules = (
			);
			dependencies = (
			);
			name = Strategy;
			productName = Strategy;
			productReference = 751BF40F1AB094550075BFA1 /* libStrategy.dylib */;
			productType = "com.apple.product-type.library.dynamic";
		};
/* End PBXNativeTarget section */

/* Begin PBXProject section */
		751BF4061AB094550075BFA1 /* Project object */ = {
			isa = PBXProject;
			attributes = {
				LastUpgradeCheck = 0450;
				ORGANIZATIONNAME = "Yongfeng Zhang";
			};
			buildConfigurationList = 751BF4091AB094550075BFA1 /* Build configuration list for PBXProject "Strategy" */;
			compatibilityVersion = "Xcode 3.2";
			developmentRegion = English;
			hasScannedForEncodings = 0;
			knownRegions = (
				en,
			);
			mainGroup = 751BF4041AB094550075BFA1;
			productRefGroup = 751BF4101AB094550075BFA1 /* Products */;
			projectDirPath = "";
			projectRoot = "";
			targets = (
				751BF40E1AB094550075BFA1 /* Strategy */,
			);
		};
/* End PBXProject section */

/* Begin PBXSourcesBuildPhase section */
		751BF40B1AB094550075BFA1 /* Sources */ = {
			isa = PBXSourcesBuildPhase;
			buildActionMask = 2147483647;
			files = (
				045B18E11EC849C900302FD9 /* Board.cpp in Sources */,
				75F348311AB185E20067F028 /* Judge.cpp in Sources */,
				75F348381AB186440067F028 /* Strategy.cpp in Sources */,
			);
			runOnlyForDeploymentPostprocessing = 0;
		};
/* End PBXSourcesBuildPhase section */

/* Begin XCBuildConfiguration section */
		751BF4111AB094550075BFA1 /* Debug */ = {
			isa = XCBuildConfiguration;
			buildSettings = {
				ALWAYS_SEARCH_USER_PATHS = NO;
				ARCHS = "$(ARCHS_STANDARD_32_BIT)";
				CLANG_CXX_LANGUAGE_STANDARD = "gnu++0x";
				CLANG_CXX_LIBRARY = "libc++";
				CLANG_ENABLE_OBJC_ARC = YES;
				CLANG_WARN_EMPTY_BODY = YES;
				CLANG_WARN__DUPLICATE_METHOD_MATCH = YES;
				COPY_PHASE_STRIP = NO;
				GCC_C_LANGUAGE_STANDARD = gnu99;
				GCC_DYNAMIC_NO_PIC = NO;
				GCC_ENABLE_OBJC_EXCEPTIONS = YES;
				GCC_OPTIMIZATION_LEVEL = 0;
				GCC_PREPROCESSOR_DEFINITIONS = (
					"DEBUG=1",
					"$(inherited)",
				);
				GCC_SYMBOLS_PRIVATE_EXTERN = NO;
				GCC_WARN_64_TO_32_BIT_CONVERSION = YES;
				GCC_WARN_ABOUT_RETURN_TYPE = YES;
				GCC_WARN_UNINITIALIZED_AUTOS = YES;
				GCC_WARN_UNUSED_VARIABLE = YES;
				MACOSX_DEPLOYMENT_TARGET = 10.9;
				ONLY_ACTIVE_ARCH = YES;
				SDKROOT = macosx;
			};
			name = Debug;
		};
		751BF4121AB094550075BFA1 /* Release */ = {
			isa = XCBuildConfiguration;
			buildSettings = {
				ALWAYS_SEARCH_USER_PATHS = NO;
				ARCHS = "$(ARCHS_STANDARD_32_BIT)";
				CLANG_CXX_LANGUAGE_STANDARD = "gnu++0x";
				CLANG_CXX_LIBRARY = "libc++";
				CLANG_ENABLE_OBJC_ARC = YES;
				CLANG_WARN_EMPTY_BODY = YES;
				CLANG_WARN__DUPLICATE_METHOD_MATCH = YES;
				COPY_PHASE_STRIP = YES;
				DEBUG_INFORMATION_FORMAT = "dwarf-with-dsym";
				GCC_C_LANGUAGE_STANDARD = gnu99;
				GCC_ENABLE_OBJC_EXCEPTIONS = YES;
				GCC_WARN_64_TO_32_BIT_CONVERSION = YES;
				GCC_WARN_ABOUT_RETURN_TYPE = YES;
				GCC_WARN_UNINITIALIZED_AUTOS = YES;
				GCC_WARN_UNUSED_VARIABLE = YES;
				MACOSX_DEPLOYMENT_TARGET = 10.9;
				ONLY_ACTIVE_ARCH = NO;
				SDKROOT = macosx;
			};
			name = Release;
		};
		751BF4141AB094550075BFA1 /* Debug */ = {
			isa = XCBuildConfiguration;
			buildSettings = {
				ARCHS = "$(ARCHS_STANDARD_32_BIT)";
				EXECUTABLE_PREFIX = lib;
				MACOSX_DEPLOYMENT_TARGET = 10.8;
				ONLY_ACTIVE_ARCH = NO;
				PRODUCT_NAME = "$(TARGET_NAME)";
				VALID_ARCHS = "i386 x86_64";
			};
			name = Debug;
		};
		751BF4151AB094550075BFA1 /* Release */ = {
			isa = XCBuildConfiguration;
			buildSettings = {
				ARCHS = "$(ARCHS_STANDARD_32_BIT)";
				EXECUTABLE_PREFIX = lib;
				MACOSX_DEPLOYMENT_TARGET = 10.8;
				ONLY_ACTIVE_ARCH = NO;
				PRODUCT_NAME = "$(TARGET_NAME)";
				VALID_ARCHS = "i386 x86_64";
			};
			name = Release;
		};
/* End XCBuildConfiguration section */

/* Begin XCConfigurationList section */
		751BF4091AB094550075BFA1 /* Build configuration list for PBXProject "Strategy" */ = {
			isa = XCConfigurationList;
			buildConfigurations = (
				751BF4111AB094550075BFA1 /* Debug */,
				751BF4121AB094550075BFA1 /* Release */,
			);
			defaultConfigurationIsVisible = 0;
			defaultConfigurationName = Release;
		};
		751BF4131AB094550075BFA1 /* Build configuration list for PBXNativeTarget "Strategy" */ = {
			isa = XCConfigurationList;
			buildConfigurations = (
				751BF4141AB094550075BFA1 /* Debug */,
				751BF4151AB094550075BFA1 /* Release */,
			);
			defaultConfigurationIsVisible = 0;
			defaultConfigurationName = Release;
		};
/* End XCConfigurationList section */
	};
	rootObject = 751BF4061AB094550075BFA1 /* Project object */;
}
